# This file is automatically @generated by Cargo.
# It is not intended for manual editing.
version = 3

[[package]]
name = "expr-rust"
version = "0.1.0"
dependencies = [
 "gpoint",
 "libc",
]

[[package]]
name = "gpoint"
version = "0.2.1"
source = "registry+https://github.com/rust-lang/crates.io-index"
checksum = "1c00f1d62d57408109a871dd9e12b76645ec4284406d5ec838d277777ef1ef6c"
dependencies = [
 "libc",
]

[[package]]
name = "libc"
version = "0.2.122"
source = "registry+https://github.com/rust-lang/crates.io-index"
checksum = "ec647867e2bf0772e28c8bcde4f0d19a9216916e890543b5a03ed8ef27b8f259"
